
Microsoft Visual Studio Solution File, Format Version 12.00
# Visual Studio 15
Project("{FAE04EC0-301F-11D3-BF4B-00C04F79EFBC}") = "Assembly-CSharp", "Assembly-CSharp.csproj", "{1DACE31E-635A-B88F-34C1-FE7BC9E1F8BE}"
EndProject
Global
	GlobalSection(SolutionConfigurationPlatforms) = preSolution
		Debug|Any CPU = Debug|Any CPU
		Release|Any CPU = Release|Any CPU
	EndGlobalSection
	GlobalSection(ProjectConfigurationPlatforms) = postSolution
		{1DACE31E-635A-B88F-34C1-FE7BC9E1F8BE}.Debug|Any CPU.ActiveCfg = Debug|Any CPU
		{1DACE31E-635A-B88F-34C1-FE7BC9E1F8BE}.Debug|Any CPU.Build.0 = Debug|Any CPU
		{1DACE31E-635A-B88F-34C1-FE7BC9E1F8BE}.Release|Any CPU.ActiveCfg = Release|Any CPU
		{1DACE31E-635A-B88F-34C1-FE7BC9E1F8BE}.Release|Any CPU.Build.0 = Release|Any CPU
	EndGlobalSection
	GlobalSection(SolutionProperties) = preSolution
		HideSolutionNode = FALSE
	EndGlobalSection
EndGlobal
